// !$*UTF8*$!
{
	archiveVersion = 1;
	classes = {
	};
	objectVersion = 46;
	objects = {

/* Begin PBXBuildFile section */
		5AC598EF19C7D8D000154E01 /* MovieTabBarController.swift in Sources */ = {isa = PBXBuildFile; fileRef = 5AC598EE19C7D8D000154E01 /* MovieTabBarController.swift */; };
		5AD628EA19C74EB3005CAB1F /* MovieDetailsController.swift in Sources */ = {isa = PBXBuildFile; fileRef = 5AD628E919C74EB3005CAB1F /* MovieDetailsController.swift */; };
		5ADEB6CD19C796C300B29E42 /* dispatch.swift in Sources */ = {isa = PBXBuildFile; fileRef = 5ADEB6CC19C796C300B29E42 /* dispatch.swift */; };
		5AE0444319C5209200A8BFBF /* MovieNavigationController.swift in Sources */ = {isa = PBXBuildFile; fileRef = 5AE0444219C5209200A8BFBF /* MovieNavigationController.swift */; };
		9972880C19C2922C0045FD0D /* MovieCell.swift in Sources */ = {isa = PBXBuildFile; fileRef = 9972880B19C2922C0045FD0D /* MovieCell.swift */; };
		9985C80819C28BE000FA4C8E /* AppDelegate.swift in Sources */ = {isa = PBXBuildFile; fileRef = 9985C80719C28BE000FA4C8E /* AppDelegate.swift */; };
		9985C80D19C28BE000FA4C8E /* Main.storyboard in Resources */ = {isa = PBXBuildFile; fileRef = 9985C80B19C28BE000FA4C8E /* Main.storyboard */; };
		9985C80F19C28BE000FA4C8E /* Images.xcassets in Resources */ = {isa = PBXBuildFile; fileRef = 9985C80E19C28BE000FA4C8E /* Images.xcassets */; };
		9985C81E19C28BE000FA4C8E /* rottenTests.swift in Sources */ = {isa = PBXBuildFile; fileRef = 9985C81D19C28BE000FA4C8E /* rottenTests.swift */; };
		9985C82819C28C2D00FA4C8E /* MoviesViewController.swift in Sources */ = {isa = PBXBuildFile; fileRef = 9985C82719C28C2D00FA4C8E /* MoviesViewController.swift */; };
		E48794A1610A4604A97728D9 /* libPods.a in Frameworks */ = {isa = PBXBuildFile; fileRef = 265FDD9A4FF74F87959BA904 /* libPods.a */; };
/* End PBXBuildFile section */

/* Begin PBXContainerItemProxy section */
		9985C81819C28BE000FA4C8E /* PBXContainerItemProxy */ = {
			isa = PBXContainerItemProxy;
			containerPortal = 9985C7FA19C28BE000FA4C8E /* Project object */;
			proxyType = 1;
			remoteGlobalIDString = 9985C80119C28BE000FA4C8E;
			remoteInfo = rotten;
		};
/* End PBXContainerItemProxy section */

/* Begin PBXFileReference section */
		1A38DB4640EA4B278F36E0CA /* Pods.xcconfig */ = {isa = PBXFileReference; includeInIndex = 1; lastKnownFileType = text.xcconfig; name = Pods.xcconfig; path = Pods/Pods.xcconfig; sourceTree = "<group>"; };
		265FDD9A4FF74F87959BA904 /* libPods.a */ = {isa = PBXFileReference; explicitFileType = archive.ar; includeInIndex = 0; path = libPods.a; sourceTree = BUILT_PRODUCTS_DIR; };
		5AC598EE19C7D8D000154E01 /* MovieTabBarController.swift */ = {isa = PBXFileReference; fileEncoding = 4; lastKnownFileType = sourcecode.swift; path = MovieTabBarController.swift; sourceTree = "<group>"; };
		5AD628E919C74EB3005CAB1F /* MovieDetailsController.swift */ = {isa = PBXFileReference; fileEncoding = 4; lastKnownFileType = sourcecode.swift; path = MovieDetailsController.swift; sourceTree = "<group>"; };
		5ADEB6CC19C796C300B29E42 /* dispatch.swift */ = {isa = PBXFileReference; fileEncoding = 4; lastKnownFileType = sourcecode.swift; path = dispatch.swift; sourceTree = "<group>"; };
		5AE0444219C5209200A8BFBF /* MovieNavigationController.swift */ = {isa = PBXFileReference; fileEncoding = 4; lastKnownFileType = sourcecode.swift; path = MovieNavigationController.swift; sourceTree = "<group>"; };
		99474B8419C2A0D600461969 /* rotten-Bridging-Header.h */ = {isa = PBXFileReference; lastKnownFileType = sourcecode.c.h; path = "rotten-Bridging-Header.h"; sourceTree = "<group>"; };
		9972880B19C2922C0045FD0D /* MovieCell.swift */ = {isa = PBXFileReference; fileEncoding = 4; lastKnownFileType = sourcecode.swift; name = MovieCell.swift; path = ../MovieCell.swift; sourceTree = "<group>"; };
		9985C80219C28BE000FA4C8E /* rotten.app */ = {isa = PBXFileReference; explicitFileType = wrapper.application; includeInIndex = 0; path = rotten.app; sourceTree = BUILT_PRODUCTS_DIR; };
		9985C80619C28BE000FA4C8E /* Info.plist */ = {isa = PBXFileReference; lastKnownFileType = text.plist.xml; path = Info.plist; sourceTree = "<group>"; };
		9985C80719C28BE000FA4C8E /* AppDelegate.swift */ = {isa = PBXFileReference; lastKnownFileType = sourcecode.swift; path = AppDelegate.swift; sourceTree = "<group>"; };
		9985C80C19C28BE000FA4C8E /* Base */ = {isa = PBXFileReference; lastKnownFileType = file.storyboard; name = Base; path = Base.lproj/Main.storyboard; sourceTree = "<group>"; };
		9985C80E19C28BE000FA4C8E /* Images.xcassets */ = {isa = PBXFileReference; lastKnownFileType = folder.assetcatalog; path = Images.xcassets; sourceTree = "<group>"; };
		9985C81719C28BE000FA4C8E /* rottenTests.xctest */ = {isa = PBXFileReference; explicitFileType = wrapper.cfbundle; includeInIndex = 0; path = rottenTests.xctest; sourceTree = BUILT_PRODUCTS_DIR; };
		9985C81C19C28BE000FA4C8E /* Info.plist */ = {isa = PBXFileReference; lastKnownFileType = text.plist.xml; path = Info.plist; sourceTree = "<group>"; };
		9985C81D19C28BE000FA4C8E /* rottenTests.swift */ = {isa = PBXFileReference; lastKnownFileType = sourcecode.swift; path = rottenTests.swift; sourceTree = "<group>"; };
		9985C82719C28C2D00FA4C8E /* MoviesViewController.swift */ = {isa = PBXFileReference; fileEncoding = 4; lastKnownFileType = sourcecode.swift; path = MoviesViewController.swift; sourceTree = "<group>"; };
/* End PBXFileReference section */

/* Begin PBXFrameworksBuildPhase section */
		9985C7FF19C28BE000FA4C8E /* Frameworks */ = {
			isa = PBXFrameworksBuildPhase;
			buildActionMask = 2147483647;
			files = (
				E48794A1610A4604A97728D9 /* libPods.a in Frameworks */,
			);
			runOnlyForDeploymentPostprocessing = 0;
		};
		9985C81419C28BE000FA4C8E /* Frameworks */ = {
			isa = PBXFrameworksBuildPhase;
			buildActionMask = 2147483647;
			files = (
			);
			runOnlyForDeploymentPostprocessing = 0;
		};
/* End PBXFrameworksBuildPhase section */

/* Begin PBXGroup section */
		608B4D2012D4473A91E74742 /* Frameworks */ = {
			isa = PBXGroup;
			children = (
				265FDD9A4FF74F87959BA904 /* libPods.a */,
				5ADEB6CC19C796C300B29E42 /* dispatch.swift */,
			);
			name = Frameworks;
			sourceTree = "<group>";
		};
		9985C7F919C28BE000FA4C8E = {
			isa = PBXGroup;
			children = (
				9985C80419C28BE000FA4C8E /* rotten */,
				9985C81A19C28BE000FA4C8E /* rottenTests */,
				9985C80319C28BE000FA4C8E /* Products */,
				1A38DB4640EA4B278F36E0CA /* Pods.xcconfig */,
				608B4D2012D4473A91E74742 /* Frameworks */,
			);
			sourceTree = "<group>";
		};
		9985C80319C28BE000FA4C8E /* Products */ = {
			isa = PBXGroup;
			children = (
				9985C80219C28BE000FA4C8E /* rotten.app */,
				9985C81719C28BE000FA4C8E /* rottenTests.xctest */,
			);
			name = Products;
			sourceTree = "<group>";
		};
		9985C80419C28BE000FA4C8E /* rotten */ = {
			isa = PBXGroup;
			children = (
				9985C80B19C28BE000FA4C8E /* Main.storyboard */,
				9985C82719C28C2D00FA4C8E /* MoviesViewController.swift */,
				5AD628E919C74EB3005CAB1F /* MovieDetailsController.swift */,
				5AE0444219C5209200A8BFBF /* MovieNavigationController.swift */,
				5AC598EE19C7D8D000154E01 /* MovieTabBarController.swift */,
				9972880B19C2922C0045FD0D /* MovieCell.swift */,
				99474B8419C2A0D600461969 /* rotten-Bridging-Header.h */,
				9985C80E19C28BE000FA4C8E /* Images.xcassets */,
				9985C80719C28BE000FA4C8E /* AppDelegate.swift */,
				9985C80519C28BE000FA4C8E /* Supporting Files */,
			);
			path = rotten;
			sourceTree = "<group>";
		};
		9985C80519C28BE000FA4C8E /* Supporting Files */ = {
			isa = PBXGroup;
			children = (
				9985C80619C28BE000FA4C8E /* Info.plist */,
			);
			name = "Supporting Files";
			sourceTree = "<group>";
		};
		9985C81A19C28BE000FA4C8E /* rottenTests */ = {
			isa = PBXGroup;
			children = (
				9985C81D19C28BE000FA4C8E /* rottenTests.swift */,
				9985C81B19C28BE000FA4C8E /* Supporting Files */,
			);
			path = rottenTests;
			sourceTree = "<group>";
		};
		9985C81B19C28BE000FA4C8E /* Supporting Files */ = {
			isa = PBXGroup;
			children = (
				9985C81C19C28BE000FA4C8E /* Info.plist */,
			);
			name = "Supporting Files";
			sourceTree = "<group>";
		};
/* End PBXGroup section */

/* Begin PBXNativeTarget section */
		9985C80119C28BE000FA4C8E /* rotten */ = {
			isa = PBXNativeTarget;
			buildConfigurationList = 9985C82119C28BE000FA4C8E /* Build configuration list for PBXNativeTarget "rotten" */;
			buildPhases = (
				132B5FA4D7574F3FBE1E869B /* Check Pods Manifest.lock */,
				9985C7FE19C28BE000FA4C8E /* Sources */,
				9985C7FF19C28BE000FA4C8E /* Frameworks */,
				9985C80019C28BE000FA4C8E /* Resources */,
				D3DEB4F4E9C14511A2FCB57A /* Copy Pods Resources */,
			);
			buildRules = (
			);
			dependencies = (
			);
			name = rotten;
			productName = rotten;
			productReference = 9985C80219C28BE000FA4C8E /* rotten.app */;
			productType = "com.apple.product-type.application";
		};
		9985C81619C28BE000FA4C8E /* rottenTests */ = {
			isa = PBXNativeTarget;
			buildConfigurationList = 9985C82419C28BE000FA4C8E /* Build configuration list for PBXNativeTarget "rottenTests" */;
			buildPhases = (
				9985C81319C28BE000FA4C8E /* Sources */,
				9985C81419C28BE000FA4C8E /* Frameworks */,
				9985C81519C28BE000FA4C8E /* Resources */,
			);
			buildRules = (
			);
			dependencies = (
				9985C81919C28BE000FA4C8E /* PBXTargetDependency */,
			);
			name = rottenTests;
			productName = rottenTests;
			productReference = 9985C81719C28BE000FA4C8E /* rottenTests.xctest */;
			productType = "com.apple.product-type.bundle.unit-test";
		};
/* End PBXNativeTarget section */

/* Begin PBXProject section */
		9985C7FA19C28BE000FA4C8E /* Project object */ = {
			isa = PBXProject;
			attributes = {
				LastUpgradeCheck = 0600;
				ORGANIZATIONNAME = Madhan;
				TargetAttributes = {
					9985C80119C28BE000FA4C8E = {
						CreatedOnToolsVersion = 6.0;
					};
					9985C81619C28BE000FA4C8E = {
						CreatedOnToolsVersion = 6.0;
						TestTargetID = 9985C80119C28BE000FA4C8E;
					};
				};
			};
			buildConfigurationList = 9985C7FD19C28BE000FA4C8E /* Build configuration list for PBXProject "rotten" */;
			compatibilityVersion = "Xcode 3.2";
			developmentRegion = English;
			hasScannedForEncodings = 0;
			knownRegions = (
				en,
				Base,
			);
			mainGroup = 9985C7F919C28BE000FA4C8E;
			productRefGroup = 9985C80319C28BE000FA4C8E /* Products */;
			projectDirPath = "";
			projectRoot = "";
			targets = (
				9985C80119C28BE000FA4C8E /* rotten */,
				9985C81619C28BE000FA4C8E /* rottenTests */,
			);
		};
/* End PBXProject section */

/* Begin PBXResourcesBuildPhase section */
		9985C80019C28BE000FA4C8E /* Resources */ = {
			isa = PBXResourcesBuildPhase;
			buildActionMask = 2147483647;
			files = (
				9985C80D19C28BE000FA4C8E /* Main.storyboard in Resources */,
				9985C80F19C28BE000FA4C8E /* Images.xcassets in Resources */,
			);
			runOnlyForDeploymentPostprocessing = 0;
		};
		9985C81519C28BE000FA4C8E /* Resources */ = {
			isa = PBXResourcesBuildPhase;
			buildActionMask = 2147483647;
			files = (
			);
			runOnlyForDeploymentPostprocessing = 0;
		};
/* End PBXResourcesBuildPhase section */

/* Begin PBXShellScriptBuildPhase section */
		132B5FA4D7574F3FBE1E869B /* Check Pods Manifest.lock */ = {
			isa = PBXShellScriptBuildPhase;
			buildActionMask = 2147483647;
			files = (
			);
			inputPaths = (
			);
			name = "Check Pods Manifest.lock";
			outputPaths = (
			);
			runOnlyForDeploymentPostprocessing = 0;
			shellPath = /bin/sh;
			shellScript = "diff \"${PODS_ROOT}/../Podfile.lock\" \"${PODS_ROOT}/Manifest.lock\" > /dev/null\nif [[ $? != 0 ]] ; then\n    cat << EOM\nerror: The sandbox is not in sync with the Podfile.lock. Run 'pod install' or update your CocoaPods installation.\nEOM\n    exit 1\nfi\n";
			showEnvVarsInLog = 0;
		};
		D3DEB4F4E9C14511A2FCB57A /* Copy Pods Resources */ = {
			isa = PBXShellScriptBuildPhase;
			buildActionMask = 2147483647;
			files = (
			);
			inputPaths = (
			);
			name = "Copy Pods Resources";
			outputPaths = (
			);
			runOnlyForDeploymentPostprocessing = 0;
			shellPath = /bin/sh;
			shellScript = "\"${SRCROOT}/Pods/Pods-resources.sh\"\n";
			showEnvVarsInLog = 0;
		};
/* End PBXShellScriptBuildPhase section */

/* Begin PBXSourcesBuildPhase section */
		9985C7FE19C28BE000FA4C8E /* Sources */ = {
			isa = PBXSourcesBuildPhase;
			buildActionMask = 2147483647;
			files = (
				5AE0444319C5209200A8BFBF /* MovieNavigationController.swift in Sources */,
				9985C80819C28BE000FA4C8E /* AppDelegate.swift in Sources */,
				5AD628EA19C74EB3005CAB1F /* MovieDetailsController.swift in Sources */,
				9985C82819C28C2D00FA4C8E /* MoviesViewController.swift in Sources */,
				9972880C19C2922C0045FD0D /* MovieCell.swift in Sources */,
				5ADEB6CD19C796C300B29E42 /* dispatch.swift in Sources */,
				5AC598EF19C7D8D000154E01 /* MovieTabBarController.swift in Sources */,
			);
			runOnlyForDeploymentPostprocessing = 0;
		};
		9985C81319C28BE000FA4C8E /* Sources */ = {
			isa = PBXSourcesBuildPhase;
			buildActionMask = 2147483647;
			files = (
				9985C81E19C28BE000FA4C8E /* rottenTests.swift in Sources */,
			);
			runOnlyForDeploymentPostprocessing = 0;
		};
/* End PBXSourcesBuildPhase section */

/* Begin PBXTargetDependency section */
		9985C81919C28BE000FA4C8E /* PBXTargetDependency */ = {
			isa = PBXTargetDependency;
			target = 9985C80119C28BE000FA4C8E /* rotten */;
			targetProxy = 9985C81819C28BE000FA4C8E /* PBXContainerItemProxy */;
		};
/* End PBXTargetDependency section */

/* Begin PBXVariantGroup section */
		9985C80B19C28BE000FA4C8E /* Main.storyboard */ = {
			isa = PBXVariantGroup;
			children = (
				9985C80C19C28BE000FA4C8E /* Base */,
			);
			name = Main.storyboard;
			sourceTree = "<group>";
		};
/* End PBXVariantGroup section */

/* Begin XCBuildConfiguration section */
		9985C81F19C28BE000FA4C8E /* Debug */ = {
			isa = XCBuildConfiguration;
			buildSettings = {
				ALWAYS_SEARCH_USER_PATHS = NO;
				CLANG_CXX_LANGUAGE_STANDARD = "gnu++0x";
				CLANG_CXX_LIBRARY = "libc++";
				CLANG_ENABLE_MODULES = YES;
				CLANG_ENABLE_OBJC_ARC = YES;
				CLANG_WARN_BOOL_CONVERSION = YES;
				CLANG_WARN_CONSTANT_CONVERSION = YES;
				CLANG_WARN_DIRECT_OBJC_ISA_USAGE = YES_ERROR;
				CLANG_WARN_EMPTY_BODY = YES;
				CLANG_WARN_ENUM_CONVERSION = YES;
				CLANG_WARN_INT_CONVERSION = YES;
				CLANG_WARN_OBJC_ROOT_CLASS = YES_ERROR;
				CLANG_WARN_UNREACHABLE_CODE = YES;
				CLANG_WARN__DUPLICATE_METHOD_MATCH = YES;
				"CODE_SIGN_IDENTITY[sdk=iphoneos*]" = "iPhone Developer";
				COPY_PHASE_STRIP = NO;
				ENABLE_STRICT_OBJC_MSGSEND = YES;
				GCC_C_LANGUAGE_STANDARD = gnu99;
				GCC_DYNAMIC_NO_PIC = NO;
				GCC_OPTIMIZATION_LEVEL = 0;
				GCC_PREPROCESSOR_DEFINITIONS = (
					"DEBUG=1",
					"$(inherited)",
				);
				GCC_SYMBOLS_PRIVATE_EXTERN = NO;
				GCC_WARN_64_TO_32_BIT_CONVERSION = YES;
				GCC_WARN_ABOUT_RETURN_TYPE = YES_ERROR;
				GCC_WARN_UNDECLARED_SELECTOR = YES;
				GCC_WARN_UNINITIALIZED_AUTOS = YES_AGGRESSIVE;
				GCC_WARN_UNUSED_FUNCTION = YES;
				GCC_WARN_UNUSED_VARIABLE = YES;
				IPHONEOS_DEPLOYMENT_TARGET = 8.0;
				MTL_ENABLE_DEBUG_INFO = YES;
				ONLY_ACTIVE_ARCH = YES;
				SDKROOT = iphoneos;
				SWIFT_OPTIMIZATION_LEVEL = "-Onone";
			};
			name = Debug;
		};
		9985C82019C28BE000FA4C8E /* Release */ = {
			isa = XCBuildConfiguration;
			buildSettings = {
				ALWAYS_SEARCH_USER_PATHS = NO;
				CLANG_CXX_LANGUAGE_STANDARD = "gnu++0x";
				CLANG_CXX_LIBRARY = "libc++";
				CLANG_ENABLE_MODULES = YES;
				CLANG_ENABLE_OBJC_ARC = YES;
				CLANG_WARN_BOOL_CONVERSION = YES;
				CLANG_WARN_CONSTANT_CONVERSION = YES;
				CLANG_WARN_DIRECT_OBJC_ISA_USAGE = YES_ERROR;
				CLANG_WARN_EMPTY_BODY = YES;
				CLANG_WARN_ENUM_CONVERSION = YES;
				CLANG_WARN_INT_CONVERSION = YES;
				CLANG_WARN_OBJC_ROOT_CLASS = YES_ERROR;
				CLANG_WARN_UNREACHABLE_CODE = YES;
				CLANG_WARN__DUPLICATE_METHOD_MATCH = YES;
				"CODE_SIGN_IDENTITY[sdk=iphoneos*]" = "iPhone Developer";
				COPY_PHASE_STRIP = YES;
				ENABLE_NS_ASSERTIONS = NO;
				ENABLE_STRICT_OBJC_MSGSEND = YES;
				GCC_C_LANGUAGE_STANDARD = gnu99;
				GCC_WARN_64_TO_32_BIT_CONVERSION = YES;
				GCC_WARN_ABOUT_RETURN_TYPE = YES_ERROR;
				GCC_WARN_UNDECLARED_SELECTOR = YES;
				GCC_WARN_UNINITIALIZED_AUTOS = YES_AGGRESSIVE;
				GCC_WARN_UNUSED_FUNCTION = YES;
				GCC_WARN_UNUSED_VARIABLE = YES;
				IPHONEOS_DEPLOYMENT_TARGET = 8.0;
				MTL_ENABLE_DEBUG_INFO = NO;
				SDKROOT = iphoneos;
				VALIDATE_PRODUCT = YES;
			};
			name = Release;
		};
		9985C82219C28BE000FA4C8E /* Debug */ = {
			isa = XCBuildConfiguration;
			baseConfigurationReference = 1A38DB4640EA4B278F36E0CA /* Pods.xcconfig */;
			buildSettings = {
				ASSETCATALOG_COMPILER_APPICON_NAME = AppIcon;
				CLANG_ENABLE_MODULES = YES;
				INFOPLIST_FILE = rotten/Info.plist;
				LD_RUNPATH_SEARCH_PATHS = "$(inherited) @executable_path/Frameworks";
				PRODUCT_NAME = "$(TARGET_NAME)";
				SWIFT_OBJC_BRIDGING_HEADER = "rotten/rotten-Bridging-Header.h";
				SWIFT_OPTIMIZATION_LEVEL = "-Onone";
			};
			name = Debug;
		};
		9985C82319C28BE000FA4C8E /* Release */ = {
			isa = XCBuildConfiguration;
			baseConfigurationReference = 1A38DB4640EA4B278F36E0CA /* Pods.xcconfig */;
			buildSettings = {
				ASSETCATALOG_COMPILER_APPICON_NAME = AppIcon;
				CLANG_ENABLE_MODULES = YES;
				INFOPLIST_FILE = rotten/Info.plist;
				LD_RUNPATH_SEARCH_PATHS = "$(inherited) @executable_path/Frameworks";
				PRODUCT_NAME = "$(TARGET_NAME)";
				SWIFT_OBJC_BRIDGING_HEADER = "rotten/rotten-Bridging-Header.h";
			};
			name = Release;
		};
		9985C82519C28BE000FA4C8E /* Debug */ = {
			isa = XCBuildConfiguration;
			buildSettings = {
				BUNDLE_LOADER = "$(TEST_HOST)";
				FRAMEWORK_SEARCH_PATHS = (
					"$(SDKROOT)/Developer/Library/Frameworks",
					"$(inherited)",
				);
				GCC_PREPROCESSOR_DEFINITIONS = (
					"DEBUG=1",
					"$(inherited)",
				);
				INFOPLIST_FILE = rottenTests/Info.plist;
				LD_RUNPATH_SEARCH_PATHS = "$(inherited) @executable_path/Frameworks @loader_path/Frameworks";
				PRODUCT_NAME = "$(TARGET_NAME)";
				TEST_HOST = "$(BUILT_PRODUCTS_DIR)/rotten.app/rotten";
			};
			name = Debug;
		};
		9985C82619C28BE000FA4C8E /* Release */ = {
			isa = XCBuildConfiguration;
			buildSettings = {
				BUNDLE_LOADER = "$(TEST_HOST)";
				FRAMEWORK_SEARCH_PATHS = (
					"$(SDKROOT)/Developer/Library/Frameworks",
					"$(inherited)",
				);
				INFOPLIST_FILE = rottenTests/Info.plist;
				LD_RUNPATH_SEARCH_PATHS = "$(inherited) @executable_path/Frameworks @loader_path/Frameworks";
				PRODUCT_NAME = "$(TARGET_NAME)";
				TEST_HOST = "$(BUILT_PRODUCTS_DIR)/rotten.app/rotten";
			};
			name = Release;
		};
/* End XCBuildConfiguration section */

/* Begin XCConfigurationList section */
		9985C7FD19C28BE000FA4C8E /* Build configuration list for PBXProject "rotten" */ = {
			isa = XCConfigurationList;
			buildConfigurations = (
				9985C81F19C28BE000FA4C8E /* Debug */,
				9985C82019C28BE000FA4C8E /* Release */,
			);
			defaultConfigurationIsVisible = 0;
			defaultConfigurationName = Release;
		};
		9985C82119C28BE000FA4C8E /* Build configuration list for PBXNativeTarget "rotten" */ = {
			isa = XCConfigurationList;
			buildConfigurations = (
				9985C82219C28BE000FA4C8E /* Debug */,
				9985C82319C28BE000FA4C8E /* Release */,
			);
			defaultConfigurationIsVisible = 0;
			defaultConfigurationName = Release;
		};
		9985C82419C28BE000FA4C8E /* Build configuration list for PBXNativeTarget "rottenTests" */ = {
			isa = XCConfigurationList;
			buildConfigurations = (
				9985C82519C28BE000FA4C8E /* Debug */,
				9985C82619C28BE000FA4C8E /* Release */,
			);
			defaultConfigurationIsVisible = 0;
			defaultConfigurationName = Release;
		};
/* End XCConfigurationList section */
	};
	rootObject = 9985C7FA19C28BE000FA4C8E /* Project object */;
}
